{
  "requires": true,
  "lockfileVersion": 1,
  "dependencies": {
    "@babel/code-frame": {
      "version": "npm:undefined@0.1.0",
      "resolved": "https://registry.npmjs.org/undefined/-/undefined-0.1.0.tgz",
      "integrity": "sha512-NkvZ+cpfGNrQvaCMPr2DytKuQfUTTUUloyqxhjLIzUm6OIBBgjH0zUIObsDejlvNHXBmXNCEt4IOFE6HB+ourA=="
    },
    "@babel/generator": {
      "version": "npm:undefined@0.1.0",
      "resolved": "https://registry.npmjs.org/undefined/-/undefined-0.1.0.tgz",
      "integrity": "sha512-NkvZ+cpfGNrQvaCMPr2DytKuQfUTTUUloyqxhjLIzUm6OIBBgjH0zUIObsDejlvNHXBmXNCEt4IOFE6HB+ourA=="
    },
    "@babel/helper-annotate-as-pure": {
      "version": "npm:undefined@0.1.0",
      "resolved": "https://registry.npmjs.org/undefined/-/undefined-0.1.0.tgz",
      "integrity": "sha512-NkvZ+cpfGNrQvaCMPr2DytKuQfUTTUUloyqxhjLIzUm6OIBBgjH0zUIObsDejlvNHXBmXNCEt4IOFE6HB+ourA=="
    },
    "@babel/helper-environment-visitor": {
      "version": "npm:undefined@0.1.0",
      "resolved": "https://registry.npmjs.org/undefined/-/undefined-0.1.0.tgz",
      "integrity": "sha512-NkvZ+cpfGNrQvaCMPr2DytKuQfUTTUUloyqxhjLIzUm6OIBBgjH0zUIObsDejlvNHXBmXNCEt4IOFE6HB+ourA=="
    },
    "@babel/helper-function-name": {
      "version": "npm:undefined@0.1.0",
      "resolved": "https://registry.npmjs.org/undefined/-/undefined-0.1.0.tgz",
      "integrity": "sha512-NkvZ+cpfGNrQvaCMPr2DytKuQfUTTUUloyqxhjLIzUm6OIBBgjH0zUIObsDejlvNHXBmXNCEt4IOFE6HB+ourA=="
    },
    "@babel/helper-hoist-variables": {
      "version": "npm:undefined@0.1.0",
      "resolved": "https://registry.npmjs.org/undefined/-/undefined-0.1.0.tgz",
      "integrity": "sha512-NkvZ+cpfGNrQvaCMPr2DytKuQfUTTUUloyqxhjLIzUm6OIBBgjH0zUIObsDejlvNHXBmXNCEt4IOFE6HB+ourA=="
    },
    "@babel/helper-module-imports": {
      "version": "npm:undefined@0.1.0",
      "resolved": "https://registry.npmjs.org/undefined/-/undefined-0.1.0.tgz",
      "integrity": "sha512-NkvZ+cpfGNrQvaCMPr2DytKuQfUTTUUloyqxhjLIzUm6OIBBgjH0zUIObsDejlvNHXBmXNCEt4IOFE6HB+ourA=="
    },
    "@babel/helper-split-export-declaration": {
      "version": "npm:undefined@0.1.0",
      "resolved": "https://registry.npmjs.org/undefined/-/undefined-0.1.0.tgz",
      "integrity": "sha512-NkvZ+cpfGNrQvaCMPr2DytKuQfUTTUUloyqxhjLIzUm6OIBBgjH0zUIObsDejlvNHXBmXNCEt4IOFE6HB+ourA=="
    },
    "@babel/helper-string-parser": {
      "version": "npm:undefined@0.1.0",
      "resolved": "https://registry.npmjs.org/undefined/-/undefined-0.1.0.tgz",
      "integrity": "sha512-NkvZ+cpfGNrQvaCMPr2DytKuQfUTTUUloyqxhjLIzUm6OIBBgjH0zUIObsDejlvNHXBmXNCEt4IOFE6HB+ourA=="
    },
    "@babel/helper-validator-identifier": {
      "version": "npm:undefined@0.1.0",
      "resolved": "https://registry.npmjs.org/undefined/-/undefined-0.1.0.tgz",
      "integrity": "sha512-NkvZ+cpfGNrQvaCMPr2DytKuQfUTTUUloyqxhjLIzUm6OIBBgjH0zUIObsDejlvNHXBmXNCEt4IOFE6HB+ourA=="
    },
    "@babel/highlight": {
      "version": "npm:undefined@0.1.0",
      "resolved": "https://registry.npmjs.org/undefined/-/undefined-0.1.0.tgz",
      "integrity": "sha512-NkvZ+cpfGNrQvaCMPr2DytKuQfUTTUUloyqxhjLIzUm6OIBBgjH0zUIObsDejlvNHXBmXNCEt4IOFE6HB+ourA=="
    },
    "@babel/parser": {
      "version": "npm:undefined@0.1.0",
      "resolved": "https://registry.npmjs.org/undefined/-/undefined-0.1.0.tgz",
      "integrity": "sha512-NkvZ+cpfGNrQvaCMPr2DytKuQfUTTUUloyqxhjLIzUm6OIBBgjH0zUIObsDejlvNHXBmXNCEt4IOFE6HB+ourA=="
    },
    "@babel/template": {
      "version": "npm:undefined@0.1.0",
      "resolved": "https://registry.npmjs.org/undefined/-/undefined-0.1.0.tgz",
      "integrity": "sha512-NkvZ+cpfGNrQvaCMPr2DytKuQfUTTUUloyqxhjLIzUm6OIBBgjH0zUIObsDejlvNHXBmXNCEt4IOFE6HB+ourA=="
    },
    "@babel/traverse": {
      "version": "npm:undefined@0.1.0",
      "resolved": "https://registry.npmjs.org/undefined/-/undefined-0.1.0.tgz",
      "integrity": "sha512-NkvZ+cpfGNrQvaCMPr2DytKuQfUTTUUloyqxhjLIzUm6OIBBgjH0zUIObsDejlvNHXBmXNCEt4IOFE6HB+ourA=="
    },
    "@babel/types": {
      "version": "npm:undefined@0.1.0",
      "resolved": "https://registry.npmjs.org/undefined/-/undefined-0.1.0.tgz",
      "integrity": "sha512-NkvZ+cpfGNrQvaCMPr2DytKuQfUTTUUloyqxhjLIzUm6OIBBgjH0zUIObsDejlvNHXBmXNCEt4IOFE6HB+ourA=="
    },
    "@emotion/is-prop-valid": {
      "version": "npm:undefined@0.1.0",
      "resolved": "https://registry.npmjs.org/undefined/-/undefined-0.1.0.tgz",
      "integrity": "sha512-NkvZ+cpfGNrQvaCMPr2DytKuQfUTTUUloyqxhjLIzUm6OIBBgjH0zUIObsDejlvNHXBmXNCEt4IOFE6HB+ourA=="
    },
    "@emotion/memoize": {
      "version": "npm:undefined@0.1.0",
      "resolved": "https://registry.npmjs.org/undefined/-/undefined-0.1.0.tgz",
      "integrity": "sha512-NkvZ+cpfGNrQvaCMPr2DytKuQfUTTUUloyqxhjLIzUm6OIBBgjH0zUIObsDejlvNHXBmXNCEt4IOFE6HB+ourA=="
    },
    "@emotion/stylis": {
      "version": "npm:undefined@0.1.0",
      "resolved": "https://registry.npmjs.org/undefined/-/undefined-0.1.0.tgz",
      "integrity": "sha512-NkvZ+cpfGNrQvaCMPr2DytKuQfUTTUUloyqxhjLIzUm6OIBBgjH0zUIObsDejlvNHXBmXNCEt4IOFE6HB+ourA=="
    },
    "@emotion/unitless": {
      "version": "npm:undefined@0.1.0",
      "resolved": "https://registry.npmjs.org/undefined/-/undefined-0.1.0.tgz",
      "integrity": "sha512-NkvZ+cpfGNrQvaCMPr2DytKuQfUTTUUloyqxhjLIzUm6OIBBgjH0zUIObsDejlvNHXBmXNCEt4IOFE6HB+ourA=="
    },
    "@jridgewell/gen-mapping": {
      "version": "npm:undefined@0.1.0",
      "resolved": "https://registry.npmjs.org/undefined/-/undefined-0.1.0.tgz",
      "integrity": "sha512-NkvZ+cpfGNrQvaCMPr2DytKuQfUTTUUloyqxhjLIzUm6OIBBgjH0zUIObsDejlvNHXBmXNCEt4IOFE6HB+ourA=="
    },
    "@jridgewell/resolve-uri": {
      "version": "npm:undefined@0.1.0",
      "resolved": "https://registry.npmjs.org/undefined/-/undefined-0.1.0.tgz",
      "integrity": "sha512-NkvZ+cpfGNrQvaCMPr2DytKuQfUTTUUloyqxhjLIzUm6OIBBgjH0zUIObsDejlvNHXBmXNCEt4IOFE6HB+ourA=="
    },
    "@jridgewell/set-array": {
      "version": "npm:undefined@0.1.0",
      "resolved": "https://registry.npmjs.org/undefined/-/undefined-0.1.0.tgz",
      "integrity": "sha512-NkvZ+cpfGNrQvaCMPr2DytKuQfUTTUUloyqxhjLIzUm6OIBBgjH0zUIObsDejlvNHXBmXNCEt4IOFE6HB+ourA=="
    },
    "@jridgewell/sourcemap-codec": {
      "version": "npm:undefined@0.1.0",
      "resolved": "https://registry.npmjs.org/undefined/-/undefined-0.1.0.tgz",
      "integrity": "sha512-NkvZ+cpfGNrQvaCMPr2DytKuQfUTTUUloyqxhjLIzUm6OIBBgjH0zUIObsDejlvNHXBmXNCEt4IOFE6HB+ourA=="
    },
    "@jridgewell/trace-mapping": {
      "version": "npm:undefined@0.1.0",
      "resolved": "https://registry.npmjs.org/undefined/-/undefined-0.1.0.tgz",
      "integrity": "sha512-NkvZ+cpfGNrQvaCMPr2DytKuQfUTTUUloyqxhjLIzUm6OIBBgjH0zUIObsDejlvNHXBmXNCEt4IOFE6HB+ourA=="
    },
    "@remix-run/router": {
      "version": "npm:undefined@0.1.0",
      "resolved": "https://registry.npmjs.org/undefined/-/undefined-0.1.0.tgz",
      "integrity": "sha512-NkvZ+cpfGNrQvaCMPr2DytKuQfUTTUUloyqxhjLIzUm6OIBBgjH0zUIObsDejlvNHXBmXNCEt4IOFE6HB+ourA=="
    },
    "ansi-styles": {
      "version": "npm:undefined@0.1.0",
      "resolved": "https://registry.npmjs.org/undefined/-/undefined-0.1.0.tgz",
      "integrity": "sha512-NkvZ+cpfGNrQvaCMPr2DytKuQfUTTUUloyqxhjLIzUm6OIBBgjH0zUIObsDejlvNHXBmXNCEt4IOFE6HB+ourA=="
    },
    "babel-plugin-styled-components": {
      "version": "npm:undefined@0.1.0",
      "resolved": "https://registry.npmjs.org/undefined/-/undefined-0.1.0.tgz",
      "integrity": "sha512-NkvZ+cpfGNrQvaCMPr2DytKuQfUTTUUloyqxhjLIzUm6OIBBgjH0zUIObsDejlvNHXBmXNCEt4IOFE6HB+ourA=="
    },
    "babel-plugin-syntax-jsx": {
      "version": "npm:undefined@0.1.0",
      "resolved": "https://registry.npmjs.org/undefined/-/undefined-0.1.0.tgz",
      "integrity": "sha512-NkvZ+cpfGNrQvaCMPr2DytKuQfUTTUUloyqxhjLIzUm6OIBBgjH0zUIObsDejlvNHXBmXNCEt4IOFE6HB+ourA=="
    },
    "camelize": {
      "version": "npm:undefined@0.1.0",
      "resolved": "https://registry.npmjs.org/undefined/-/undefined-0.1.0.tgz",
      "integrity": "sha512-NkvZ+cpfGNrQvaCMPr2DytKuQfUTTUUloyqxhjLIzUm6OIBBgjH0zUIObsDejlvNHXBmXNCEt4IOFE6HB+ourA=="
    },
    "chalk": {
      "version": "npm:undefined@0.1.0",
      "resolved": "https://registry.npmjs.org/undefined/-/undefined-0.1.0.tgz",
      "integrity": "sha512-NkvZ+cpfGNrQvaCMPr2DytKuQfUTTUUloyqxhjLIzUm6OIBBgjH0zUIObsDejlvNHXBmXNCEt4IOFE6HB+ourA=="
    },
    "color-convert": {
      "version": "npm:undefined@0.1.0",
      "resolved": "https://registry.npmjs.org/undefined/-/undefined-0.1.0.tgz",
      "integrity": "sha512-NkvZ+cpfGNrQvaCMPr2DytKuQfUTTUUloyqxhjLIzUm6OIBBgjH0zUIObsDejlvNHXBmXNCEt4IOFE6HB+ourA=="
    },
    "color-name": {
      "version": "npm:undefined@0.1.0",
      "resolved": "https://registry.npmjs.org/undefined/-/undefined-0.1.0.tgz",
      "integrity": "sha512-NkvZ+cpfGNrQvaCMPr2DytKuQfUTTUUloyqxhjLIzUm6OIBBgjH0zUIObsDejlvNHXBmXNCEt4IOFE6HB+ourA=="
    },
    "css-color-keywords": {
      "version": "npm:undefined@0.1.0",
      "resolved": "https://registry.npmjs.org/undefined/-/undefined-0.1.0.tgz",
      "integrity": "sha512-NkvZ+cpfGNrQvaCMPr2DytKuQfUTTUUloyqxhjLIzUm6OIBBgjH0zUIObsDejlvNHXBmXNCEt4IOFE6HB+ourA=="
    },
    "css-to-react-native": {
      "version": "npm:undefined@0.1.0",
      "resolved": "https://registry.npmjs.org/undefined/-/undefined-0.1.0.tgz",
      "integrity": "sha512-NkvZ+cpfGNrQvaCMPr2DytKuQfUTTUUloyqxhjLIzUm6OIBBgjH0zUIObsDejlvNHXBmXNCEt4IOFE6HB+ourA=="
    },
    "debug": {
      "version": "npm:undefined@0.1.0",
      "resolved": "https://registry.npmjs.org/undefined/-/undefined-0.1.0.tgz",
      "integrity": "sha512-NkvZ+cpfGNrQvaCMPr2DytKuQfUTTUUloyqxhjLIzUm6OIBBgjH0zUIObsDejlvNHXBmXNCEt4IOFE6HB+ourA=="
    },
    "escape-string-regexp": {
      "version": "npm:undefined@0.1.0",
      "resolved": "https://registry.npmjs.org/undefined/-/undefined-0.1.0.tgz",
      "integrity": "sha512-NkvZ+cpfGNrQvaCMPr2DytKuQfUTTUUloyqxhjLIzUm6OIBBgjH0zUIObsDejlvNHXBmXNCEt4IOFE6HB+ourA=="
    },
    "globals": {
      "version": "npm:undefined@0.1.0",
      "resolved": "https://registry.npmjs.org/undefined/-/undefined-0.1.0.tgz",
      "integrity": "sha512-NkvZ+cpfGNrQvaCMPr2DytKuQfUTTUUloyqxhjLIzUm6OIBBgjH0zUIObsDejlvNHXBmXNCEt4IOFE6HB+ourA=="
    },
    "has-flag": {
      "version": "npm:undefined@0.1.0",
      "resolved": "https://registry.npmjs.org/undefined/-/undefined-0.1.0.tgz",
      "integrity": "sha512-NkvZ+cpfGNrQvaCMPr2DytKuQfUTTUUloyqxhjLIzUm6OIBBgjH0zUIObsDejlvNHXBmXNCEt4IOFE6HB+ourA=="
    },
    "hoist-non-react-statics": {
      "version": "npm:undefined@0.1.0",
      "resolved": "https://registry.npmjs.org/undefined/-/undefined-0.1.0.tgz",
      "integrity": "sha512-NkvZ+cpfGNrQvaCMPr2DytKuQfUTTUUloyqxhjLIzUm6OIBBgjH0zUIObsDejlvNHXBmXNCEt4IOFE6HB+ourA=="
    },
    "js-tokens": {
      "version": "npm:undefined@0.1.0",
      "resolved": "https://registry.npmjs.org/undefined/-/undefined-0.1.0.tgz",
      "integrity": "sha512-NkvZ+cpfGNrQvaCMPr2DytKuQfUTTUUloyqxhjLIzUm6OIBBgjH0zUIObsDejlvNHXBmXNCEt4IOFE6HB+ourA=="
    },
    "jsesc": {
      "version": "npm:undefined@0.1.0",
      "resolved": "https://registry.npmjs.org/undefined/-/undefined-0.1.0.tgz",
      "integrity": "sha512-NkvZ+cpfGNrQvaCMPr2DytKuQfUTTUUloyqxhjLIzUm6OIBBgjH0zUIObsDejlvNHXBmXNCEt4IOFE6HB+ourA=="
    },
    "lodash": {
      "version": "npm:undefined@0.1.0",
      "resolved": "https://registry.npmjs.org/undefined/-/undefined-0.1.0.tgz",
      "integrity": "sha512-NkvZ+cpfGNrQvaCMPr2DytKuQfUTTUUloyqxhjLIzUm6OIBBgjH0zUIObsDejlvNHXBmXNCEt4IOFE6HB+ourA=="
    },
    "ms": {
      "version": "npm:undefined@0.1.0",
      "resolved": "https://registry.npmjs.org/undefined/-/undefined-0.1.0.tgz",
      "integrity": "sha512-NkvZ+cpfGNrQvaCMPr2DytKuQfUTTUUloyqxhjLIzUm6OIBBgjH0zUIObsDejlvNHXBmXNCEt4IOFE6HB+ourA=="
    },
    "picomatch": {
      "version": "npm:undefined@0.1.0",
      "resolved": "https://registry.npmjs.org/undefined/-/undefined-0.1.0.tgz",
      "integrity": "sha512-NkvZ+cpfGNrQvaCMPr2DytKuQfUTTUUloyqxhjLIzUm6OIBBgjH0zUIObsDejlvNHXBmXNCEt4IOFE6HB+ourA=="
    },
    "postcss-value-parser": {
      "version": "npm:undefined@0.1.0",
      "resolved": "https://registry.npmjs.org/undefined/-/undefined-0.1.0.tgz",
      "integrity": "sha512-NkvZ+cpfGNrQvaCMPr2DytKuQfUTTUUloyqxhjLIzUm6OIBBgjH0zUIObsDejlvNHXBmXNCEt4IOFE6HB+ourA=="
    },
    "react-is": {
      "version": "npm:undefined@0.1.0",
      "resolved": "https://registry.npmjs.org/undefined/-/undefined-0.1.0.tgz",
      "integrity": "sha512-NkvZ+cpfGNrQvaCMPr2DytKuQfUTTUUloyqxhjLIzUm6OIBBgjH0zUIObsDejlvNHXBmXNCEt4IOFE6HB+ourA=="
    },
    "react-router": {
      "version": "npm:undefined@0.1.0",
      "resolved": "https://registry.npmjs.org/undefined/-/undefined-0.1.0.tgz",
      "integrity": "sha512-NkvZ+cpfGNrQvaCMPr2DytKuQfUTTUUloyqxhjLIzUm6OIBBgjH0zUIObsDejlvNHXBmXNCEt4IOFE6HB+ourA=="
    },
    "shallowequal": {
      "version": "npm:undefined@0.1.0",
      "resolved": "https://registry.npmjs.org/undefined/-/undefined-0.1.0.tgz",
      "integrity": "sha512-NkvZ+cpfGNrQvaCMPr2DytKuQfUTTUUloyqxhjLIzUm6OIBBgjH0zUIObsDejlvNHXBmXNCEt4IOFE6HB+ourA=="
    },
    "supports-color": {
      "version": "npm:undefined@0.1.0",
      "resolved": "https://registry.npmjs.org/undefined/-/undefined-0.1.0.tgz",
      "integrity": "sha512-NkvZ+cpfGNrQvaCMPr2DytKuQfUTTUUloyqxhjLIzUm6OIBBgjH0zUIObsDejlvNHXBmXNCEt4IOFE6HB+ourA=="
    },
    "to-fast-properties": {
      "version": "npm:undefined@0.1.0",
      "resolved": "https://registry.npmjs.org/undefined/-/undefined-0.1.0.tgz",
      "integrity": "sha512-NkvZ+cpfGNrQvaCMPr2DytKuQfUTTUUloyqxhjLIzUm6OIBBgjH0zUIObsDejlvNHXBmXNCEt4IOFE6HB+ourA=="
    }
  }
}
